
Microsoft Visual Studio Solution File, Format Version 12.00
# Visual Studio Version 17
VisualStudioVersion = 17.3.32929.385
MinimumVisualStudioVersion = 10.0.40219.1
Project("{9A19103F-16F7-4668-BE54-9A1E7A4F7556}") = "SuyaaUI.Engine", "SuyaaUI.Engine\SuyaaUI.Engine.csproj", "{C307DB0C-B9C2-4591-A77E-263193F318D4}"
EndProject
Project("{FAE04EC0-301F-11D3-BF4B-00C04F79EFBC}") = "SuyaaUI.Windows", "SuyaaUI.Windows\SuyaaUI.Windows.csproj", "{0D5F7C0E-BDCF-4F2D-ACA8-3CF1BCDB3BA3}"
EndProject
Project("{FAE04EC0-301F-11D3-BF4B-00C04F79EFBC}") = "SuyaaUI.Windows.Simple", "SuyaaUI.Windows.Test\SuyaaUI.Windows.Simple.csproj", "{9C6EE2F4-702E-4D47-84D7-11AD17116A58}"
EndProject
Global
	GlobalSection(SolutionConfigurationPlatforms) = preSolution
		Debug|Any CPU = Debug|Any CPU
		Release|Any CPU = Release|Any CPU
	EndGlobalSection
	GlobalSection(ProjectConfigurationPlatforms) = postSolution
		{C307DB0C-B9C2-4591-A77E-263193F318D4}.Debug|Any CPU.ActiveCfg = Debug|Any CPU
		{C307DB0C-B9C2-4591-A77E-263193F318D4}.Debug|Any CPU.Build.0 = Debug|Any CPU
		{C307DB0C-B9C2-4591-A77E-263193F318D4}.Release|Any CPU.ActiveCfg = Release|Any CPU
		{C307DB0C-B9C2-4591-A77E-263193F318D4}.Release|Any CPU.Build.0 = Release|Any CPU
		{0D5F7C0E-BDCF-4F2D-ACA8-3CF1BCDB3BA3}.Debug|Any CPU.ActiveCfg = Debug|Any CPU
		{0D5F7C0E-BDCF-4F2D-ACA8-3CF1BCDB3BA3}.Debug|Any CPU.Build.0 = Debug|Any CPU
		{0D5F7C0E-BDCF-4F2D-ACA8-3CF1BCDB3BA3}.Release|Any CPU.ActiveCfg = Release|Any CPU
		{0D5F7C0E-BDCF-4F2D-ACA8-3CF1BCDB3BA3}.Release|Any CPU.Build.0 = Release|Any CPU
		{9C6EE2F4-702E-4D47-84D7-11AD17116A58}.Debug|Any CPU.ActiveCfg = Debug|Any CPU
		{9C6EE2F4-702E-4D47-84D7-11AD17116A58}.Debug|Any CPU.Build.0 = Debug|Any CPU
		{9C6EE2F4-702E-4D47-84D7-11AD17116A58}.Release|Any CPU.ActiveCfg = Release|Any CPU
		{9C6EE2F4-702E-4D47-84D7-11AD17116A58}.Release|Any CPU.Build.0 = Release|Any CPU
	EndGlobalSection
	GlobalSection(SolutionProperties) = preSolution
		HideSolutionNode = FALSE
	EndGlobalSection
	GlobalSection(ExtensibilityGlobals) = postSolution
		SolutionGuid = {44770B51-329F-4102-89F6-80D5BF3CF7B2}
	EndGlobalSection
EndGlobal
