
Microsoft Visual Studio Solution File, Format Version 12.00
# Visual Studio Version 17
VisualStudioVersion = 17.6.33712.159
MinimumVisualStudioVersion = 10.0.40219.1
Project("{2150E333-8FDC-42A3-9474-1A3956D46DE8}") = "UI", "UI", "{996B22B0-1AA1-4F15-A531-6A3E6B05C2B0}"
EndProject
Project("{2150E333-8FDC-42A3-9474-1A3956D46DE8}") = "Apps", "Apps", "{D02BF4CC-AB2A-4C02-8B6D-277F5F145769}"
EndProject
Project("{9A19103F-16F7-4668-BE54-9A1E7A4F7556}") = "Win32App", "Apps\Win32App\Win32App.csproj", "{05DAD8A2-77EE-4A74-A16C-7365AD3AF845}"
EndProject
Project("{9A19103F-16F7-4668-BE54-9A1E7A4F7556}") = "Suyaa.Gui.Native", "UI\Suyaa.Gui.Native\Suyaa.Gui.Native.csproj", "{49987763-E5B2-4AE7-B051-B6F6843ACCCB}"
EndProject
Project("{9A19103F-16F7-4668-BE54-9A1E7A4F7556}") = "Suyaa.Gui", "UI\Suyaa.Gui\Suyaa.Gui.csproj", "{8E763E2F-1E59-4E9E-B79B-C7C67E111368}"
EndProject
Project("{9A19103F-16F7-4668-BE54-9A1E7A4F7556}") = "Suyaa.Gui.Controls", "UI\Suyaa.Gui.Widgets\Suyaa.Gui.Controls.csproj", "{4CBDF397-7F5C-4EED-84D0-B04B5847D629}"
EndProject
Project("{9A19103F-16F7-4668-BE54-9A1E7A4F7556}") = "Suyaa.Gui.Forms", "UI\Suyaa.Gui.Forms\Suyaa.Gui.Forms.csproj", "{6A8848F3-21B7-491B-8B4A-9944C5409E79}"
EndProject
Project("{9A19103F-16F7-4668-BE54-9A1E7A4F7556}") = "LinuxApp", "Apps\LinuxApp\LinuxApp.csproj", "{7058999D-830C-4224-BF43-1D5FDA931D64}"
EndProject
Global
	GlobalSection(SolutionConfigurationPlatforms) = preSolution
		Debug|Any CPU = Debug|Any CPU
		Debug|x64 = Debug|x64
		Release|Any CPU = Release|Any CPU
		Release|x64 = Release|x64
	EndGlobalSection
	GlobalSection(ProjectConfigurationPlatforms) = postSolution
		{05DAD8A2-77EE-4A74-A16C-7365AD3AF845}.Debug|Any CPU.ActiveCfg = Debug|Any CPU
		{05DAD8A2-77EE-4A74-A16C-7365AD3AF845}.Debug|Any CPU.Build.0 = Debug|Any CPU
		{05DAD8A2-77EE-4A74-A16C-7365AD3AF845}.Debug|x64.ActiveCfg = Debug|Any CPU
		{05DAD8A2-77EE-4A74-A16C-7365AD3AF845}.Debug|x64.Build.0 = Debug|Any CPU
		{05DAD8A2-77EE-4A74-A16C-7365AD3AF845}.Release|Any CPU.ActiveCfg = Release|Any CPU
		{05DAD8A2-77EE-4A74-A16C-7365AD3AF845}.Release|Any CPU.Build.0 = Release|Any CPU
		{05DAD8A2-77EE-4A74-A16C-7365AD3AF845}.Release|x64.ActiveCfg = Release|Any CPU
		{05DAD8A2-77EE-4A74-A16C-7365AD3AF845}.Release|x64.Build.0 = Release|Any CPU
		{49987763-E5B2-4AE7-B051-B6F6843ACCCB}.Debug|Any CPU.ActiveCfg = Debug|Any CPU
		{49987763-E5B2-4AE7-B051-B6F6843ACCCB}.Debug|Any CPU.Build.0 = Debug|Any CPU
		{49987763-E5B2-4AE7-B051-B6F6843ACCCB}.Debug|x64.ActiveCfg = Debug|Any CPU
		{49987763-E5B2-4AE7-B051-B6F6843ACCCB}.Debug|x64.Build.0 = Debug|Any CPU
		{49987763-E5B2-4AE7-B051-B6F6843ACCCB}.Release|Any CPU.ActiveCfg = Release|Any CPU
		{49987763-E5B2-4AE7-B051-B6F6843ACCCB}.Release|Any CPU.Build.0 = Release|Any CPU
		{49987763-E5B2-4AE7-B051-B6F6843ACCCB}.Release|x64.ActiveCfg = Release|Any CPU
		{49987763-E5B2-4AE7-B051-B6F6843ACCCB}.Release|x64.Build.0 = Release|Any CPU
		{8E763E2F-1E59-4E9E-B79B-C7C67E111368}.Debug|Any CPU.ActiveCfg = Debug|Any CPU
		{8E763E2F-1E59-4E9E-B79B-C7C67E111368}.Debug|Any CPU.Build.0 = Debug|Any CPU
		{8E763E2F-1E59-4E9E-B79B-C7C67E111368}.Debug|x64.ActiveCfg = Debug|Any CPU
		{8E763E2F-1E59-4E9E-B79B-C7C67E111368}.Debug|x64.Build.0 = Debug|Any CPU
		{8E763E2F-1E59-4E9E-B79B-C7C67E111368}.Release|Any CPU.ActiveCfg = Release|Any CPU
		{8E763E2F-1E59-4E9E-B79B-C7C67E111368}.Release|Any CPU.Build.0 = Release|Any CPU
		{8E763E2F-1E59-4E9E-B79B-C7C67E111368}.Release|x64.ActiveCfg = Release|Any CPU
		{8E763E2F-1E59-4E9E-B79B-C7C67E111368}.Release|x64.Build.0 = Release|Any CPU
		{4CBDF397-7F5C-4EED-84D0-B04B5847D629}.Debug|Any CPU.ActiveCfg = Debug|Any CPU
		{4CBDF397-7F5C-4EED-84D0-B04B5847D629}.Debug|Any CPU.Build.0 = Debug|Any CPU
		{4CBDF397-7F5C-4EED-84D0-B04B5847D629}.Debug|x64.ActiveCfg = Debug|Any CPU
		{4CBDF397-7F5C-4EED-84D0-B04B5847D629}.Debug|x64.Build.0 = Debug|Any CPU
		{4CBDF397-7F5C-4EED-84D0-B04B5847D629}.Release|Any CPU.ActiveCfg = Release|Any CPU
		{4CBDF397-7F5C-4EED-84D0-B04B5847D629}.Release|Any CPU.Build.0 = Release|Any CPU
		{4CBDF397-7F5C-4EED-84D0-B04B5847D629}.Release|x64.ActiveCfg = Release|Any CPU
		{4CBDF397-7F5C-4EED-84D0-B04B5847D629}.Release|x64.Build.0 = Release|Any CPU
		{6A8848F3-21B7-491B-8B4A-9944C5409E79}.Debug|Any CPU.ActiveCfg = Debug|Any CPU
		{6A8848F3-21B7-491B-8B4A-9944C5409E79}.Debug|Any CPU.Build.0 = Debug|Any CPU
		{6A8848F3-21B7-491B-8B4A-9944C5409E79}.Debug|x64.ActiveCfg = Debug|Any CPU
		{6A8848F3-21B7-491B-8B4A-9944C5409E79}.Debug|x64.Build.0 = Debug|Any CPU
		{6A8848F3-21B7-491B-8B4A-9944C5409E79}.Release|Any CPU.ActiveCfg = Release|Any CPU
		{6A8848F3-21B7-491B-8B4A-9944C5409E79}.Release|Any CPU.Build.0 = Release|Any CPU
		{6A8848F3-21B7-491B-8B4A-9944C5409E79}.Release|x64.ActiveCfg = Release|Any CPU
		{6A8848F3-21B7-491B-8B4A-9944C5409E79}.Release|x64.Build.0 = Release|Any CPU
		{7058999D-830C-4224-BF43-1D5FDA931D64}.Debug|Any CPU.ActiveCfg = Debug|Any CPU
		{7058999D-830C-4224-BF43-1D5FDA931D64}.Debug|Any CPU.Build.0 = Debug|Any CPU
		{7058999D-830C-4224-BF43-1D5FDA931D64}.Debug|x64.ActiveCfg = Debug|x64
		{7058999D-830C-4224-BF43-1D5FDA931D64}.Debug|x64.Build.0 = Debug|x64
		{7058999D-830C-4224-BF43-1D5FDA931D64}.Release|Any CPU.ActiveCfg = Release|Any CPU
		{7058999D-830C-4224-BF43-1D5FDA931D64}.Release|Any CPU.Build.0 = Release|Any CPU
		{7058999D-830C-4224-BF43-1D5FDA931D64}.Release|x64.ActiveCfg = Release|x64
		{7058999D-830C-4224-BF43-1D5FDA931D64}.Release|x64.Build.0 = Release|x64
	EndGlobalSection
	GlobalSection(SolutionProperties) = preSolution
		HideSolutionNode = FALSE
	EndGlobalSection
	GlobalSection(NestedProjects) = preSolution
		{05DAD8A2-77EE-4A74-A16C-7365AD3AF845} = {D02BF4CC-AB2A-4C02-8B6D-277F5F145769}
		{49987763-E5B2-4AE7-B051-B6F6843ACCCB} = {996B22B0-1AA1-4F15-A531-6A3E6B05C2B0}
		{8E763E2F-1E59-4E9E-B79B-C7C67E111368} = {996B22B0-1AA1-4F15-A531-6A3E6B05C2B0}
		{4CBDF397-7F5C-4EED-84D0-B04B5847D629} = {996B22B0-1AA1-4F15-A531-6A3E6B05C2B0}
		{6A8848F3-21B7-491B-8B4A-9944C5409E79} = {996B22B0-1AA1-4F15-A531-6A3E6B05C2B0}
		{7058999D-830C-4224-BF43-1D5FDA931D64} = {D02BF4CC-AB2A-4C02-8B6D-277F5F145769}
	EndGlobalSection
	GlobalSection(ExtensibilityGlobals) = postSolution
		SolutionGuid = {F3E097E2-5135-41AD-B307-852C45854751}
	EndGlobalSection
EndGlobal
